
Microsoft Visual Studio Solution File, Format Version 12.00
# Visual Studio Version 16
VisualStudioVersion = 16.0.30804.86
MinimumVisualStudioVersion = 10.0.40219.1
Project("{9A19103F-16F7-4668-BE54-9A1E7A4F7556}") = "Phone-Api", "Phone-Api\Phone-Api.csproj", "{2B5555AB-6E1E-400B-B72F-892DC7DCE3A6}"
EndProject
Project("{9A19103F-16F7-4668-BE54-9A1E7A4F7556}") = "Phone-Api.Repository", "Phone-Api.Repository\Phone-Api.Repository.csproj", "{F2D3BCBD-A216-4E89-BFF7-2F1089C42058}"
EndProject
Project("{9A19103F-16F7-4668-BE54-9A1E7A4F7556}") = "Phone-Api.Models", "Phone-Api.Models\Phone-Api.Models.csproj", "{817B7F69-8B58-46B1-B96B-24BA9AEB483D}"
EndProject
Global
	GlobalSection(SolutionConfigurationPlatforms) = preSolution
		Debug|Any CPU = Debug|Any CPU
		Release|Any CPU = Release|Any CPU
	EndGlobalSection
	GlobalSection(ProjectConfigurationPlatforms) = postSolution
		{2B5555AB-6E1E-400B-B72F-892DC7DCE3A6}.Debug|Any CPU.ActiveCfg = Debug|Any CPU
		{2B5555AB-6E1E-400B-B72F-892DC7DCE3A6}.Debug|Any CPU.Build.0 = Debug|Any CPU
		{2B5555AB-6E1E-400B-B72F-892DC7DCE3A6}.Release|Any CPU.ActiveCfg = Release|Any CPU
		{2B5555AB-6E1E-400B-B72F-892DC7DCE3A6}.Release|Any CPU.Build.0 = Release|Any CPU
		{F2D3BCBD-A216-4E89-BFF7-2F1089C42058}.Debug|Any CPU.ActiveCfg = Debug|Any CPU
		{F2D3BCBD-A216-4E89-BFF7-2F1089C42058}.Debug|Any CPU.Build.0 = Debug|Any CPU
		{F2D3BCBD-A216-4E89-BFF7-2F1089C42058}.Release|Any CPU.ActiveCfg = Release|Any CPU
		{F2D3BCBD-A216-4E89-BFF7-2F1089C42058}.Release|Any CPU.Build.0 = Release|Any CPU
		{817B7F69-8B58-46B1-B96B-24BA9AEB483D}.Debug|Any CPU.ActiveCfg = Debug|Any CPU
		{817B7F69-8B58-46B1-B96B-24BA9AEB483D}.Debug|Any CPU.Build.0 = Debug|Any CPU
		{817B7F69-8B58-46B1-B96B-24BA9AEB483D}.Release|Any CPU.ActiveCfg = Release|Any CPU
		{817B7F69-8B58-46B1-B96B-24BA9AEB483D}.Release|Any CPU.Build.0 = Release|Any CPU
	EndGlobalSection
	GlobalSection(SolutionProperties) = preSolution
		HideSolutionNode = FALSE
	EndGlobalSection
	GlobalSection(ExtensibilityGlobals) = postSolution
		SolutionGuid = {8757074F-F11E-4298-B725-E832BADC35E7}
	EndGlobalSection
EndGlobal
